github.com/brianvoe/gofakeit/v7 v7.0.4 h1:Mkxwz9jYg8Ad8NvT9HA27pCMZGFQo08MK6jD0QTKEww=
github.com/brianvoe/gofakeit/v7 v7.0.4/go.mod h1:QXuPeBw164PJCzCUZVmgpgHJ3Llj49jSLVkKPMtxtxA=
github.com/gorilla/mux v1.8.1 h1:TuBL49tXwgrFYWhqrNgrUNEY92u81SPhu7sTdzQEiWY=
github.com/gorilla/mux v1.8.1/go.mod h1:AKf9I4AEqPTmMytcMc0KkNouC66V3BtZ4qD5fmWSiMQ=
github.com/joho/godotenv v1.5.1 h1:7eLL/+HRGLY0ldzfGMeQkb7vMd0as4CfYvUVzLqw0N0=
github.com/joho/godotenv v1.5.1/go.mod h1:f4LDr5Voq0i2e/R5DDNOoa2zzDfwtkZa6DnEwAbqwq4=
